
Microsoft Visual Studio Solution File, Format Version 12.00
# Visual Studio Version 18
VisualStudioVersion = 18.3.11520.95
MinimumVisualStudioVersion = 10.0.40219.1
Project("{FAE04EC0-301F-11D3-BF4B-00C04F79EFBC}") = "Lab1", "src\Lab1\Lab1.csproj", "{552F3756-B0CC-49DC-8C4E-CD1186E22CC2}"
EndProject
Project("{FAE04EC0-301F-11D3-BF4B-00C04F79EFBC}") = "Lab2", "src\Lab2\Lab2.csproj", "{84BF5C3A-B3FB-D1FC-BCA5-FF004F1B0D6A}"
EndProject
Global
	GlobalSection(SolutionConfigurationPlatforms) = preSolution
		Debug|Any CPU = Debug|Any CPU
		Release|Any CPU = Release|Any CPU
	EndGlobalSection
	GlobalSection(ProjectConfigurationPlatforms) = postSolution
		{552F3756-B0CC-49DC-8C4E-CD1186E22CC2}.Debug|Any CPU.ActiveCfg = Debug|Any CPU
		{552F3756-B0CC-49DC-8C4E-CD1186E22CC2}.Debug|Any CPU.Build.0 = Debug|Any CPU
		{552F3756-B0CC-49DC-8C4E-CD1186E22CC2}.Release|Any CPU.ActiveCfg = Release|Any CPU
		{552F3756-B0CC-49DC-8C4E-CD1186E22CC2}.Release|Any CPU.Build.0 = Release|Any CPU
		{84BF5C3A-B3FB-D1FC-BCA5-FF004F1B0D6A}.Debug|Any CPU.ActiveCfg = Debug|Any CPU
		{84BF5C3A-B3FB-D1FC-BCA5-FF004F1B0D6A}.Debug|Any CPU.Build.0 = Debug|Any CPU
		{84BF5C3A-B3FB-D1FC-BCA5-FF004F1B0D6A}.Release|Any CPU.ActiveCfg = Release|Any CPU
		{84BF5C3A-B3FB-D1FC-BCA5-FF004F1B0D6A}.Release|Any CPU.Build.0 = Release|Any CPU
	EndGlobalSection
	GlobalSection(SolutionProperties) = preSolution
		HideSolutionNode = FALSE
	EndGlobalSection
	GlobalSection(ExtensibilityGlobals) = postSolution
		SolutionGuid = {3545AD6E-0AF0-4289-86FF-F6CDD11E79B7}
	EndGlobalSection
EndGlobal
